{
    "_meta": {
        "hash": {
            "sha256": "5a52808ba60f16349314596f16fa4b22f87b7120f0f39d896bf438e63522c5a0"
        },
        "pipfile-spec": 6,
        "requires": {
            "python_version": "3.6"
        },
        "sources": [
            {
                "name": "pypi",
                "url": "https://pypi.python.org/simple",
                "verify_ssl": true
            }
        ]
    },
    "default": {
        "absl-py": {
            "hashes": [
                "sha256:ba6dc5510108fdfcf7176f8b38a5cc2482f2e902eb7211cbe6666998ea58daf9"
            ],
            "version": "==0.1.11"
        },
        "astor": {
            "hashes": [
                "sha256:64c805f1ad6fbc505633416b6174fc23796eb164f371a7dc1f3951ea30560fb5",
                "sha256:ff6d2e2962d834acb125cc4dcc80c54a8c17c253f4cc9d9c43b5102a560bb75d"
            ],
            "version": "==0.6.2"
        },
        "astropy": {
            "hashes": [
                "sha256:2561a23c0dd3df9700bb3969860da0b2debd6e2e81d3e69be2c67e70f01a2781",
                "sha256:430a8d4e7a9a3d8655a072f1703cc16b5fe54c6bdb49caf54dbdfdf1d648882a",
                "sha256:436d4a21e1b57ef51aa9295e99980ae51aee935e3f4154a4b8133561ab601daf",
                "sha256:749061fcf37923aa565377d10860a95d0f298bad11e5db7d61380121cceedbce",
                "sha256:7fd6d0f03f6deb17db08c1423f195c0871401ed0876ab2a0768d0b9b1c874ca3",
                "sha256:9527dd7814622cd327ea41db6cc2e7f1681d48e1d635d90ccdf7f9e8c93eff57",
                "sha256:9e0ad19b9d6d227bdf0932bbe64a8c5dd4a47d4ec078586cf24bf9f0c61d9ecf",
                "sha256:abfe301424b8a25f0382e8948e4454872a2d056eb2fe4790c1936ae7f0605d86",
                "sha256:e88a9ab5375657a23be5ee997852f36abe1058e98b9b3512f991c39dffe02b35"
            ],
            "version": "==3.0"
        },
        "bleach": {
            "hashes": [
                "sha256:978e758599b54cd3caa2e160d74102879b230ea8dc93871d0783721eef58bc65",
                "sha256:e67f46adcec78dbc3c04462f3aba3213a673d5652eba2609ed1ef15492a44b8d"
            ],
            "version": "==1.5.0"
        },
        "click": {
            "hashes": [
                "sha256:29f99fc6125fbc931b758dc053b3114e55c77a6e4c6c3a2674a2dc986016381d",
                "sha256:f15516df478d5a56180fbf80e68f206010e6d160fc39fa508b65e035fd75130b"
            ],
            "version": "==6.7"
        },
        "cycler": {
            "hashes": [
                "sha256:1d8a5ae1ff6c5cf9b93e8811e581232ad8920aeec647c37316ceac982b08cb2d",
                "sha256:cd7b2d1018258d7247a71425e9f26463dfb444d411c39569972f4ce586b0c9d8"
            ],
            "version": "==0.10.0"
        },
        "decorator": {
            "hashes": [
                "sha256:7d46dd9f3ea1cf5f06ee0e4e1277ae618cf48dfb10ada7c8427cd46c42702a0e",
                "sha256:94d1d8905f5010d74bbbd86c30471255661a14187c45f8d7f3e5aa8540fdb2e5"
            ],
            "version": "==4.2.1"
        },
        "flask": {
            "hashes": [
                "sha256:0749df235e3ff61ac108f69ac178c9770caeaccad2509cb762ce1f65570a8856",
                "sha256:49f44461237b69ecd901cc7ce66feea0319b9158743dd27a2899962ab214dac1"
            ],
            "version": "==0.12.2"
        },
        "flask-cors": {
            "hashes": [
                "sha256:62ebc5ad80dc21ca0ea9f57466c2c74e24a62274af890b391790c260eb7b754b",
                "sha256:ac4b81b3d90f5f18714c995c807f94501df8c9bbc22ef4261c1cd850748c3850"
            ],
            "version": "==3.0.3"
        },
        "gast": {
            "hashes": [
                "sha256:7068908321ecd2774f145193c4b34a11305bd104b4551b09273dfd1d6a374930"
            ],
            "version": "==0.2.0"
        },
        "graphviz": {
            "hashes": [
                "sha256:4e23ab07ea37a5bd16cf96d3c31e63d792cc05f9b2c277d553838477697feb1f",
                "sha256:606741c028acc54b1a065b33045f8c89ee0927ea77273ec409ac988f2c3d1091"
            ],
            "version": "==0.8.2"
        },
        "grpcio": {
            "hashes": [
                "sha256:022dc2a6d1537a5a16af4ccc3355ad7b512f9c627a1d5d579cd7c18830378bb3",
                "sha256:025a591606b0aca13bec3e019d6acec01a39421f01b915b98a3a93ea0a53b412",
                "sha256:03265472d39bf26f124c3ef68446f7873c8260893e6ae65b323a5b51ed52e580",
                "sha256:10efe2e016c3ca7a370771ffcf1de9baa3456d4bccefde0f4ce3be091d871c8f",
                "sha256:14bca481188c3f19135012aaff9abefa4e15529c7e1aca3084183d78094d06bd",
                "sha256:17240d672b5c1c9ff22e52236c1870413b7fb5af762b97ce5a747a55e0a57e98",
                "sha256:1bc36e512741f82c1d73f42df536aa2ab75d840f0d35c149b5d0bee1aed16862",
                "sha256:224c513fbe0c3ca546870e5c21b08a8a56cd25795b76b3192ee9702a3344764b",
                "sha256:2894466c499d9752e0d49ee8adc5ee12c676d86211fc1b292bf713cc7cfe9853",
                "sha256:435b3bab2e34814666854eec203c77b169df1cd56cf22fe449cf5510af416e7d",
                "sha256:4fa658a7e1ba5727ca066b1c8bb64c6befb98f2b8007f04a16c7c84555bf11b9",
                "sha256:88afda198adb0a9da52a66152062027a57877b46f59ffcf55acc3cbfaff77160",
                "sha256:982439a872d41f969724efc139e0416ba45e0d7446e9a41fd2ebe19351adff9a",
                "sha256:a1bc37c9910d0fbf4d9e80d5822f92c6e01e28dd1eb01323636ed19666b537cb",
                "sha256:aa473b8276de39eeccc4ad6cbb7fd7feab0868180d72c0c93226033c79fa69b7",
                "sha256:ae82bf2f7ceac6ba956e816120b4f66bda035571350e46b61bbdde1808aed1dd",
                "sha256:b56e4f355c2499bb0bf8f8f4d0362b618b06afdfd2c10722710596dc7e295c6c",
                "sha256:d410835e7554d064c2d99cfa0dd393ffbb0ccf52145ab51c725a8472ed254a3c",
                "sha256:d9e3105f6de6cb759b028702bdd21cb36d27e010227669e43c675b9957a3c180",
                "sha256:da306c80d69801a3e4115c448ed4ad481957d723ec1e00b99497c6661573c3e5",
                "sha256:e86639989c03831912fd9924beda26f6e9ffcc267656cea035bde9d88cf793b2",
                "sha256:ea9564f58144e2f07995d57fb8e636be5efb084cd59c8651391ada2bb75dc0ff",
                "sha256:f4a38071dd27f140cfe774f56aecdf0e33de926c21289cc9c7521ce8dd91fc1c"
            ],
            "version": "==1.10.0"
        },
        "html5lib": {
            "hashes": [
                "sha256:2612a191a8d5842bfa057e41ba50bbb9dcb722419d2408c78cff4758d0754868"
            ],
            "version": "==0.9999999"
        },
        "itsdangerous": {
            "hashes": [
                "sha256:cbb3fcf8d3e33df861709ecaf89d9e6629cff0a217bc2848f1b41cd30d360519"
            ],
            "version": "==0.24"
        },
        "jinja2": {
            "hashes": [
                "sha256:74c935a1b8bb9a3947c50a54766a969d4846290e1e788ea44c1392163723c3bd",
                "sha256:f84be1bb0040caca4cea721fcbbbbd61f9be9464ca236387158b0feea01914a4"
            ],
            "version": "==2.10"
        },
        "joblib": {
            "hashes": [
                "sha256:7b8fd56df36d9731a83729395ccb85a3b401f62a96255deb1a77220c00ed4085",
                "sha256:cf3420e27048c66916754472bc3a2d4717271103a4806f31f11707a3d82a991f"
            ],
            "version": "==0.11"
        },
        "llvmlite": {
            "hashes": [
                "sha256:29f4b64e3f6ed19dd07b92c255f6ed11850fae9b2903c2a5a764800e60facbac",
                "sha256:2b2ff81e134c0d230be140c513e55a8a153b0bd5599952300c54e9e3a303efbb",
                "sha256:3a13e4e4547bca1ed4847eb969ea625c70cffd2f1c1854c4f344cc1d93563184",
                "sha256:458d1caa6816f4a6edf6d73d3a8255d73de732c40ed5fbbc73ec575eda3631d6",
                "sha256:69e59d59fe0cff932587a2a11aab6074ef2303cd05a3f0c46603a4c5bf0579c6",
                "sha256:8e348213ff749a3bd28bcd30b2b234d702630f302a8db96b8780e26570678295",
                "sha256:908c59438312564f58113b4d8d20b83f8a36004e03d6c475dc4d94fffac1c31e",
                "sha256:9a86d5abbd1be93db2669560ec3e1ea2d5bcd3f99fbd6f9bb4247a296a225d99",
                "sha256:a0a875f3d502f41f4a24444aa98fbf076a6bf36e2a0b3b4481b22e1c4a3acdc2",
                "sha256:a6791fb91de4debdfbd9f2d7edf6bc00fc893b3831d16c792e3861e542106a3b",
                "sha256:b844fc91031b9035e55725d4c4eb83f9a093ca89fbf4b30061e4dd848e60aefa",
                "sha256:c7c85b817fa4dfc0a03c146b6dc295bca981ed5453e978a8300bcd1b3d939975",
                "sha256:ced7ac7423e8ed7a5aacf943fde3d7743b2e8bfb887d72cfc00cb83e783ceedc",
                "sha256:d88709ef64df2afc9574908fdb4761436dbb727a173b340e953341e1e2d89ea2",
                "sha256:f334131c7d64d914e89c6c001d728aee0b8002114e091cce689a3d842cdadc84",
                "sha256:f48f0aace03fe601fdbbd3be938234bfe10e6ae0bc95ff4f0e5aa039c9393769"
            ],
            "version": "==0.22.0"
        },
        "markdown": {
            "hashes": [
                "sha256:9ba587db9daee7ec761cfc656272be6aabe2ed300fece21208e4aab2e457bc8f",
                "sha256:a856869c7ff079ad84a3e19cd87a64998350c2b94e9e08e44270faef33400f81"
            ],
            "version": "==2.6.11"
        },
        "markupsafe": {
            "hashes": [
                "sha256:a6be69091dac236ea9c6bc7d012beab42010fa914c459791d627dad4910eb665"
            ],
            "version": "==1.0"
        },
        "matplotlib": {
            "hashes": [
                "sha256:063a07660bee266c947e5ac0044053074c3ff3e5398614538d21c29b622ed0bd",
                "sha256:09214eb11171a8426c9c89a236f05f26a76b204e5346dd4382ddcfb74820d467",
                "sha256:11c7ed4716833c5b70f72f6c795a948d413e2af659442aa145d1e91868393084",
                "sha256:14b0ab89e58621105c7b2cfd5ddc6cf13a87ac7cbcc73c287e4003d1f5e40fae",
                "sha256:226f9c3799c16fdfc9be4b64bee2f1956626eddb58b24359247b0fb72afd76a0",
                "sha256:353b56cd2fed8977767356cb686e3bf74789a4abd81e4bdfc4d57b40679fe057",
                "sha256:4a2d2d97266e4e199266b7e409e5e8be4d3b26b4bad2702b70a8ae18f52d97b4",
                "sha256:4b5f16c9cefde553ea79975305dcaa67c8e13d927b6e55aa14b4a8d867e25387",
                "sha256:50aef54b4f947001667c775b1973928cdb3e33024cb93f81b5b024b34b1488a7",
                "sha256:5c50343bc8e70f2b811188790fa899430062ce37696a166374239c838015a995",
                "sha256:a5ba34f1b4d1e81be4df0fd033abd8062dbce2eca5b3a25339edb31e4390568a",
                "sha256:b2e3b1eaf3a2753a1a63826bf4ab7487b383fbef5ef4941b25f4193baaa95d95",
                "sha256:c665d3daf24f95acbd1541681ab1185e283afc046fe4175bfceab2cf26a8620b",
                "sha256:c8579a840a1bd93e00a273aac0be3edd94b805fe4cd2156f01611622032188d1",
                "sha256:d0d7036045e6a08663e428e4ea4af69164cdd79c486d31be835bb2ca7f5f1962",
                "sha256:ea24f02268149aebe4f239635da8183f4e43f9116eebf8fcd365e2d04bc821fe",
                "sha256:f490f684a241cd88003afebc356f5c69bdced22e549fbd50b914f7fe07ce4fa3",
                "sha256:fa6155cf41857135bff125419256ccab6ce81e0cd63fac60a7c673efa8a989dd"
            ],
            "version": "==2.1.0"
        },
        "mpmath": {
            "hashes": [
                "sha256:04d14803b6875fe6d69e6dccea87d5ae5599802e4b1df7997bddd2024001050c"
            ],
            "version": "==1.0.0"
        },
        "networkx": {
            "hashes": [
                "sha256:64272ca418972b70a196cb15d9c85a5a6041f09a2f32e0d30c0255f25d458bb1"
            ],
            "version": "==2.1"
        },
        "numba": {
            "hashes": [
                "sha256:25559836e3511fb11a13217b5200ca00492fb96ec09f8e5b2f31c87b5a49d259",
                "sha256:34b3d58b403ad01789d4954db7792fb8610f946ac60ba5b5707870d42626dfe2",
                "sha256:62403b5b3b67a86d4927965ea49b8d65c7f99b58c537b8e06e7e273ee6bcdb11",
                "sha256:691a9c6a3bd7ef778c529900cb86afd013f3e8bff8cfd3032fbd25fb98b505ee",
                "sha256:69b503f049df7823bb9a7f0db9234492d91fe79534ce6faaded74577f8c6f593",
                "sha256:820db406d874a8ad309688124d44f22263b961d944b7dfb933a7507c342bdb5f",
                "sha256:8d75eba03a24432b7a9a80abd25356ed0bbfcb25cccfee4adc8db095a50e817b",
                "sha256:946ba96b4a3c7071c5b2fe62a9a84aeda8cd47d0e64c78b0fed40bf070cb133b",
                "sha256:a9fd3f4846136621ce488a8e45533d28269972bd819cd996605e887002954446",
                "sha256:b4f98a2f1ac7ea35a76e012918ecbbd91f287b3b9f1388f4f0390f276f30da9f",
                "sha256:c62121b2d384d8b4d244ef26c1cf8bb5cb819278a80b893bf41918ad6d391258",
                "sha256:caafcb228ac3eb1ec0d26b50911d6333009ec2d356da4a88ff1d572d7f91662d",
                "sha256:d271017dcf51097ad18ef77f29014948eb7e7bd7b0add677d193c4f86d895f31",
                "sha256:d3df797bcf6dc269b37ca31bb9c784a5cb99d36c0e1a75c4746ac9a8ec8f443a",
                "sha256:f8d1caaa871f4a06e7bfe1a67c4f9381b6e6538390eb48be7e6f7832a48eea52",
                "sha256:fc88d72b283ef6f12eeabe05b1f2b2c50b6470d9e416bbddcced02a21d50694f"
            ],
            "version": "==0.37.0"
        },
        "numpy": {
            "hashes": [
                "sha256:12cf4b27039b88e407ad66894d99a957ef60fea0eeb442026af325add2ab264d",
                "sha256:2da8dff91d489fea3e20155d41f4cd680de7d01d9a89fdd0ebb1bee6e72d3800",
                "sha256:377def0873bbb1fbdedb14b3275b10a29b1b55619a3f7f775c4e7f9ce2461b9c",
                "sha256:3d7ddd5bdfb12ec9668edf1aa49a4a3eddb0db4661b57ea431477eb9a2468894",
                "sha256:49880b47d7272f902946dd995f346842c95fe275e2deb3082ef0495f0c718a69",
                "sha256:4e2fc841c8c642f7fd44591ef856ca409cedba6aea27928df34004c533839eee",
                "sha256:6b1011ffc87d7e2b1b7bcc6dc21bdf177163658746ef778dcd21bf0516b9126c",
                "sha256:6b8c2daacbbffc83b4a2ba83a61aa3ce60c66340b07b962bd27b6c6bb175bee1",
                "sha256:788e1757f8e409cd805a7cd82993cd9252fa19e334758a4c6eb5a8b334abb084",
                "sha256:7d4c549e41507db4f04ec7cfab5597de8acf7871b16c9cf64cebcb9d39031ca6",
                "sha256:81b9d8f6450e752bd82e7d9618fa053df8db1725747880e76fb09710b57f78d0",
                "sha256:89b9419019c47ec87cf4cfca77d85da4611cc0be636ec87b5290346490b98450",
                "sha256:9501c9ccd081977ca5579a3ec4009d6baff6bacb04bf07214aade3324734195a",
                "sha256:9b762e78739b6e021124adbea07611682db99cd3fca7f3c3a8b98b8f74ea5699",
                "sha256:a1f5173df8190ef9c6235d260d70ca70c6fb029683ceb66e244c5cc6e335947a",
                "sha256:a3d5dd437112292c707e54f47141be2f1100221242f07eda7bd8477f3ddc2252",
                "sha256:a8bc80f69570e11967763636db9b24c1e3e3689881d10ae793cec74cf7a627b6",
                "sha256:b803306c4c201e7dcda0ce1b9a9c87f61a7c7ce43de2c60c8e56147b76849a1a",
                "sha256:c8000a6cbc5140629be8c038c9c9cdb3a1c85ff90bd4180ec99f0f0c73050b5e",
                "sha256:e2335d56d2fd9fc4e3a3f2d3148aafec4962682375f429f05c45a64dacf19436",
                "sha256:e5ade7a69dccbd99c4fdbb95b6d091d941e62ffa588b0ed8fb0a2854118fef3f",
                "sha256:e8522cad377cc2ef20fe13aae742cc265172910c98e8a0d6014b1a8d564019e2",
                "sha256:fa0944650d5d3fb95869eaacd8eedbd2d83610c85e271bd9d3495ffa9bc4dc9c"
            ],
            "version": "==1.14.1"
        },
        "pandas": {
            "hashes": [
                "sha256:02541a4fdd31315f213a5c8e18708abad719ee03eda05f603c4fe973e9b9d770",
                "sha256:052a66f58783a59ea38fdfee25de083b107baa81fdbe38fabd169d0f9efce2bf",
                "sha256:06efae5c00b9f4c6e6d3fe1eb52e590ff0ea8e5cb58032c724e04d31c540de53",
                "sha256:12f2a19d0b0adf31170d98d0e8bcbc59add0965a9b0c65d39e0665400491c0c5",
                "sha256:244ae0b9e998cfa88452a49b20e29bf582cc7c0e69093876d505aec4f8e1c7fe",
                "sha256:2907f3fe91ca2119ac3c38de6891bbbc83333bfe0d98309768fee28de563ee7a",
                "sha256:44a94091dd71f05922eec661638ec1a35f26d573c119aa2fad964f10a2880e6c",
                "sha256:587a9816cc663c958fcff7907c553b73fe196604f990bc98e1b71ebf07e45b44",
                "sha256:66403162c8b45325a995493bdd78ad4d8be085e527d721dbfa773d56fbba9c88",
                "sha256:68ac484e857dcbbd07ea7c6f516cc67f7f143f5313d9bc661470e7f473528882",
                "sha256:68b121d13177f5128a4c118bb4f73ba40df28292c038389961aa55ea5a996427",
                "sha256:97c8223d42d43d86ca359a57b4702ca0529c6553e83d736e93a5699951f0f8db",
                "sha256:af0dbac881f6f87acd325415adea0ce8cccf28f5d4ad7a54b6a1e176e2f7bf70",
                "sha256:c2cd884794924687edbaad40d18ac984054d247bb877890932c4d41e3c3aba31",
                "sha256:c372db80a5bcb143c9cb254d50f902772c3b093a4f965275197ec2d2184b1e61"
            ],
            "version": "==0.22.0"
        },
        "patsy": {
            "hashes": [
                "sha256:14269536ecedaae0a5a2f300faac7d0afa1cc47aa98c561f54ba7300d0ec4011",
                "sha256:e05f38d5c38c8d216f0cc2b765b1069b433c92d628b954fb2fee68d13e42883b"
            ],
            "version": "==0.5.0"
        },
        "protobuf": {
            "hashes": [
                "sha256:09879a295fd7234e523b62066223b128c5a8a88f682e3aff62fb115e4a0d8be0",
                "sha256:14813a3421ff0144e8d4e81ed83a3fbe350d8d85cbe480bf2e81cf45e8083e0d",
                "sha256:18a4a387e8378dbbd53ebe9cc925ea2fe2a7b98c497833ea345803cb53b885d9",
                "sha256:24c1cc840b4832a909bbeac664fd8f878cf72b8ab97bfe4fb82a156c3f1f0e15",
                "sha256:40c943a8ffb3501164da1d2b537ad2e33d08daf81fbb3e9073bf291726a24467",
                "sha256:41e916354265d2f54b95e454305c98f90bb30fafb817119540753e67f193de57",
                "sha256:59610aeb5ade675106dca26c771814a1aa63bf2b3780584853e3dd447ed5c52f",
                "sha256:59ff8a204aa2ef98d6c25c2adffb13dda81bb4ac6ffb0829c92e801241b6477b",
                "sha256:64a3600d2a531d7c516c371efa431035ce501ab8425dcc8bdb99eddf5a4d34c9",
                "sha256:6e1c0972462ce9dc4d2860d533487b39f89de00b3f30b99c31a6b3e8fbf8b787",
                "sha256:75e1a7b12248a98b620ffbda3e41767aa2ae57c7cc553a12407a48c44f58f2e7",
                "sha256:84ed523853c82c76dd1dfd15f31de2d66fa7cb22a48aa42dbc32465868d7e4af",
                "sha256:87908d494be2b46a55de5e55ca11d9a2508b59b035c1b0549c3b692a77f57a7b",
                "sha256:88c7958dad426920a43af58c5805d2de860a33f82d47f5a102af25f2788682c7",
                "sha256:8ba58356fc40ed7749c73eeae3d86f6a9e756ba1ae5f5833990b237b7d61ba09",
                "sha256:94d159e2bbbe4df1b5f0715965e284f2156ce127a7d521a3dcbdd38e945bc4c0",
                "sha256:e457146bb9f997736460b10b2f2a9284603db4bbd60c8c431b5b4b309efbe036",
                "sha256:e774cd03628c0b2f850a09a8c005fe6113f97e37f6df07a7b20221dc1ee4efd3",
                "sha256:ec51286554eceebcf169a3a8604861e113d28fc98094dcbedc6067f058478917"
            ],
            "version": "==3.5.2"
        },
        "pyparsing": {
            "hashes": [
                "sha256:0832bcf47acd283788593e7a0f542407bd9550a55a8a8435214a1960e04bcb04",
                "sha256:fee43f17a9c4087e7ed1605bd6df994c6173c1e977d7ade7b651292fab2bd010"
            ],
            "version": "==2.2.0"
        },
        "python-dateutil": {
            "hashes": [
                "sha256:891c38b2a02f5bb1be3e4793866c8df49c7d19baabf9c1bad62547e0b4866aca",
                "sha256:95511bae634d69bc7329ba55e646499a842bc4ec342ad54a8cdb65645a0aad3c"
            ],
            "version": "==2.6.1"
        },
        "pytz": {
            "hashes": [
                "sha256:07edfc3d4d2705a20a6e99d97f0c4b61c800b8232dc1c04d87e8554f130148dd",
                "sha256:410bcd1d6409026fbaa65d9ed33bf6dd8b1e94a499e32168acfc7b332e4095c0"
            ],
            "version": "==2018.3"
        },
        "rpy2": {
            "hashes": [
                "sha256:5510f6f2f934b3e659ab24b22d9473f6e999a22ee20c542f33cc88d49c63ceed"
            ],
            "version": "==2.9.2"
        },
        "scikit-learn": {
            "hashes": [
                "sha256:13136c6e4f6b808569f7f59299d439b2cd718f85d72ea14b5b6077d44ebc7d17",
                "sha256:370919e3148253fd6552496c33a1e3d78290a336fc8d1b9349d9e9770fae6ec0",
                "sha256:3775cca4ce3f94508bb7c8a6b113044b78c16b0a30a5c169ddeb6b9fe57a8a72",
                "sha256:42f3c5bd893ed73bf47ccccf04dfb98fae743f397d688bb58c2238c0e6ec15d2",
                "sha256:56cfa19c31edf62e6414da0a337efee37a4af488b135640e67238786b9be6ab3",
                "sha256:5c9ff456d67ef9094e5ea272fff2be05d399a47fc30c6c8ed653b94bdf787bd1",
                "sha256:5ca0ad32ee04abe0d4ba02c8d89d501b4e5e0304bdf4d45c2e9875a735b323a0",
                "sha256:5db9e68a384ce80a17fc449d4d5d9b45025fe17cf468429599bf404eccb51049",
                "sha256:72c194c5092e921d6107a8de8a5adae58c35bbc54e030ba624b6f02fd823bb21",
                "sha256:871669cdb5b3481650fe3adff46eb97c455e30ecdc307eaf382ef90d4e2570ab",
                "sha256:873245b03361710f47c5410a050dc56ee8ae97b9f8dcc6e3a81521ca2b64ad10",
                "sha256:8b17fc29554c5c98d88142f895516a5bec2b6b61daa815e1193a64c868ad53d2",
                "sha256:95b155ef6bf829ddfba6026f100ba8e4218b7171ecab97b2163bc9e8d206848f",
                "sha256:a21cf8217e31a9e8e32c559246e05e6909981816152406945ae2e3e244dfcc1f",
                "sha256:ba3fd442ae1a46830789b3578867daaf2c8409dcca6bf192e30e85beeabbfc2f",
                "sha256:ce78bf4d10bd7e28807c36c6d2ab25a9934aaf80906ad987622a5e45627d91a2",
                "sha256:d384e6f9a055b7a43492f9d27779adb717eb5dcf78b0603b01d0f070a608d241",
                "sha256:d4da369614e55540c7e830ccdd17ab4fe5412ff8e803a4906d3ece393e2e3a63",
                "sha256:ddc1eb10138ae93c136cc4b5945d3977f302b5d693592a4731b2805a7d7f2a74",
                "sha256:e54a3dd1fe1f8124de90b93c48d120e6da2ea8df29b6895325df01ddc1bd8e26",
                "sha256:ee8c3b1898c728b6e5b5659c233f547700a1fea13ce876b6fe7d3434c70cc0e0",
                "sha256:f528c4b2bba652cf116f5cccf36f4db95a7f9cbfcd1ee549c4e8d0f8628783b5",
                "sha256:f9abae483f4d52acd6f660addb1b67e35dc5748655250af479de2ea6aefc6df0"
            ],
            "version": "==0.19.1"
        },
        "scipy": {
            "hashes": [
                "sha256:01c7040a83eb4e020ab729488637dcadef54cb728b035b76668ab92a72515d60",
                "sha256:046705c604c6f1d63cad3e89677c0618b7abb40ed09a4c241c671a2d8e5128a9",
                "sha256:08041e5336fcd57defcc78650b44b3df652eff3e3a801638d894e50494fb630d",
                "sha256:1f58fbd59e8d9652759df0d137832ff2a325ed708c173cba20c86589d811c210",
                "sha256:23a7238279ae94e088396b8b05a9795ef598dc79c5cd1adb91ad1ff87c7514fd",
                "sha256:3b66d5e40152175bca75cbbfd1eb5c108c50de9ae5625923f1c4f8f51cbe2dea",
                "sha256:424500b2fe573d30de6dea927076c01acaadb3efb3d1f40340e8cc37151ccf27",
                "sha256:5774adb6047983489bc81edaa72cd132e665e5680f0b2cf8ea28cd3b99e65d39",
                "sha256:5964dba6a3c0be226d44d2520de8fb4ba1501768bad57eec687d36d3f53b6254",
                "sha256:70e6fc3f2f52c9152f05e27eb9bd8543cb862cacb71f8521a571e4ffb837f450",
                "sha256:87ea1f11a0e9ec08c264dc64551d501fa307289460705f6fccd84cbfc7926d10",
                "sha256:889602ead28054a15e8c26e1a6b8420d5a4fa777cfeb3ec98cfa52b9f317d153",
                "sha256:912499ddb521b7ac6287ac4ccf5f296a83d38996c2d04f43c9e62a91f7b420aa",
                "sha256:97123a25216616723083942eb595f47fee18da6b637a88b803de5f078009003c",
                "sha256:9bd193686fd837472bdb6425486cb234ed0a4db76b930c141cc8d095ab213c8d",
                "sha256:a79b99b8b5af9a63312bd053bbb7bdb7710e6bbb9cc81617f9f6b9b1e49c72f8",
                "sha256:a9e479648aab5f36330da94f351ebbfe79acb4e6f5e6ac6aeddc9291eb096839",
                "sha256:bf36f3485e7b7291c36330a93bbfd4f5e8db23bbe4ea46c37b2839fef463f4e2",
                "sha256:cd23894e1cc6eaa00e6807b6b12e4ca66d5ff092986c9c3eb01e97f24e2d6462",
                "sha256:d84df0bc86bbdd49f0a6b6bad5cd62ccb02a3bfe546bf79263de44ae081bcd7b",
                "sha256:e3a5673c105eab802fdecb77f102d877352e201df9328698a265b7f57546b34b",
                "sha256:fa17be6c66985931d3a391f61a6ba97c902585cf26020aa3eb24604115732d22",
                "sha256:ff8b6637d8d2c074ed67f3d57513e62f94747c6f1210f43e60ad3d8e93a424e4"
            ],
            "version": "==1.0.0"
        },
        "six": {
            "hashes": [
                "sha256:70e8a77beed4562e7f14fe23a786b54f6296e34344c23bc42f07b15018ff98e9",
                "sha256:832dc0e10feb1aa2c68dcc57dbb658f1c7e65b9b61af69048abc87a2db00a0eb"
            ],
            "version": "==1.11.0"
        },
        "sklearn": {
            "hashes": [
                "sha256:e23001573aa194b834122d2b9562459bf5ae494a2d59ca6b8aa22c85a44c0e31"
            ],
            "version": "==0.0"
        },
        "statsmodels": {
            "hashes": [
                "sha256:01b6aee5ca88a6e5fb56184c5ea19c96ea3ad805bd564beba093fffb19f9766f",
                "sha256:0a2db2f5b7d3983f349b4b8f50a734d2d80ee194587f8c7a2d4fbec89fc94218",
                "sha256:26431ab706fbae896db7870a0892743bfbb9f5c83231644692166a31d2d86048",
                "sha256:2fee3cc853fede203b2a632ef89f89f13f860b98939f024f31e3183ee50baf10",
                "sha256:51cb8689d0290d91f60ff3a1db34bd64a63f8d68d8b386012ee38e597ecc0a31",
                "sha256:5f94bf04a4ffe5e60f0648635506de0bd9d2041d8c30f72ddb272e214c2b8b24",
                "sha256:6834eb063c5ff4803bbe61388a95c7c984cbcb8d11d1db0b85f50c772d4af9fb",
                "sha256:8d39f25cd7d8d4360f1e1726029a4917285f1dafb476c47bb36c3c1ee8c8f392",
                "sha256:b9426bcc7f47b7d77ff5df66ca69d1ec7d9b7aaaf89662a5e6abceb6336adecd",
                "sha256:e363b368bdcbd528270408dec3ac0558240774c2c0a71feb9cf2f774d4967fee"
            ],
            "version": "==0.8.0"
        },
        "tensorboard": {
            "hashes": [
                "sha256:835ecbfee0ce505f8365435c23d1c7d6fd527fcad8a4829e4145b9f6f41d0ca2",
                "sha256:ab3e4568a277d4d06fc2928e6e5aa2a32ece073ad234a6b7ade08671dbf8f339"
            ],
            "version": "==1.6.0"
        },
        "tensorflow": {
            "hashes": [
                "sha256:0b41fb0d1d0be2d495dad67138b5a118f7b206a07b2c96474414109dbfe056a8",
                "sha256:17981691a5711dd8b0479b293229f3a22d2f0503d04c2691a2ef66ee50903257",
                "sha256:1ba17a5df0c2d3e0000f88479b3ce7a35e05ced3056e4594781e81afb45ac8fd",
                "sha256:2f89cf8a05198e7e2415d040b679b4f50ef86c0c3834f4bf86d0b836ecc14a27",
                "sha256:638e690a4efc675dbfd0bb98f0c5db1b6b54e9791513fced4a4df80a3db946cb",
                "sha256:6d6f8ac26f857ab79c13b594efcb13d5485d1dbfdaa8e54b064ea7b4b28a9cf8",
                "sha256:8c504b9c70649d8602592b148944b34207fde8d1f5d61aaf435dab99118a58bc",
                "sha256:afb1f05ab3f8ff569b91be5ecb066b926dff1afd029f4f296964317f461268a6",
                "sha256:b6b4c52c61f9cea58a93e4c178e8acec157ab2ed8824350ec536f107fa67a491",
                "sha256:d0e5daf51cf9a711a0dc95b5bf4a9eeeb1cb485197cb923b8940f2a905850407",
                "sha256:d9c628c857ccd9213d75e0747fcad6ef4d6866a79d1a3987d87a5957c3f0f819",
                "sha256:eaa4af9eb161af500a5e3c65dcc434d63478801539f51cdd8c01572eda9dfa2d"
            ],
            "version": "==1.6.0"
        },
        "termcolor": {
            "hashes": [
                "sha256:1d6d69ce66211143803fbc56652b41d73b4a400a2891d7bf7a1cdf4c02de613b"
            ],
            "version": "==1.1.0"
        },
        "werkzeug": {
            "hashes": [
                "sha256:c3fd7a7d41976d9f44db327260e263132466836cef6f91512889ed60ad26557c",
                "sha256:d5da73735293558eb1651ee2fddc4d0dedcfa06538b8813a2e20011583c9e49b"
            ],
            "version": "==0.14.1"
        },
        "wheel": {
            "hashes": [
                "sha256:9515fe0a94e823fd90b08d22de45d7bde57c90edce705b22f5e1ecf7e1b653c8",
                "sha256:e721e53864f084f956f40f96124a74da0631ac13fbbd1ba99e8e2b5e9cafdf64"
            ],
            "markers": "python_version >= '3'",
            "version": "==0.30.0"
        },
        "xarray": {
            "hashes": [
                "sha256:27c01fd4fd93b5cfb9dd56b6cfe49263de9898ef653a50f079aa6afdd86292eb",
                "sha256:cc183c2d7b1788cdaeb895102b1b6c2b6a3544182ff714e92f404c29db93cc9d"
            ],
            "version": "==0.10.1"
        }
    },
    "develop": {}
}
